
Microsoft Visual Studio Solution File, Format Version 12.00
# Visual Studio Version 17
VisualStudioVersion = 17.5.33627.172
MinimumVisualStudioVersion = 10.0.40219.1
Project("{8BC9CEB8-8B4A-11D0-8D11-00A0C91BC942}") = "Coursework 5. INI-file parser", "Coursework 5. INI-file parser.vcxproj", "{2C0A9ECC-6894-4D8C-ADC4-F3E632B4E062}"
EndProject
Global
	GlobalSection(SolutionConfigurationPlatforms) = preSolution
		Debug|x64 = Debug|x64
		Debug|x86 = Debug|x86
		Release|x64 = Release|x64
		Release|x86 = Release|x86
	EndGlobalSection
	GlobalSection(ProjectConfigurationPlatforms) = postSolution
		{2C0A9ECC-6894-4D8C-ADC4-F3E632B4E062}.Debug|x64.ActiveCfg = Debug|x64
		{2C0A9ECC-6894-4D8C-ADC4-F3E632B4E062}.Debug|x64.Build.0 = Debug|x64
		{2C0A9ECC-6894-4D8C-ADC4-F3E632B4E062}.Debug|x86.ActiveCfg = Debug|Win32
		{2C0A9ECC-6894-4D8C-ADC4-F3E632B4E062}.Debug|x86.Build.0 = Debug|Win32
		{2C0A9ECC-6894-4D8C-ADC4-F3E632B4E062}.Release|x64.ActiveCfg = Release|x64
		{2C0A9ECC-6894-4D8C-ADC4-F3E632B4E062}.Release|x64.Build.0 = Release|x64
		{2C0A9ECC-6894-4D8C-ADC4-F3E632B4E062}.Release|x86.ActiveCfg = Release|Win32
		{2C0A9ECC-6894-4D8C-ADC4-F3E632B4E062}.Release|x86.Build.0 = Release|Win32
	EndGlobalSection
	GlobalSection(SolutionProperties) = preSolution
		HideSolutionNode = FALSE
	EndGlobalSection
	GlobalSection(ExtensibilityGlobals) = postSolution
		SolutionGuid = {5A93419D-5638-4D5D-9E1D-A75123CA7AE5}
	EndGlobalSection
EndGlobal
